
Microsoft Visual Studio Solution File, Format Version 12.00
# Visual Studio 14
VisualStudioVersion = 14.0.25123.0
MinimumVisualStudioVersion = 10.0.40219.1
Project("{2150E333-8FDC-42A3-9474-1A3956D46DE8}") = "Core", "Core", "{0FE77721-C7AB-4E29-93E8-C5B62977283B}"
EndProject
Project("{FAE04EC0-301F-11D3-BF4B-00C04F79EFBC}") = "Core.Common.Contracts", "Core.Common.Contracts\Core.Common.Contracts.csproj", "{233B540D-47D7-4ACE-B470-78F80580FD1C}"
EndProject
Project("{2150E333-8FDC-42A3-9474-1A3956D46DE8}") = "Business", "Business", "{FB696941-3C3C-42CA-8D2A-D4BB10D79541}"
EndProject
Project("{FAE04EC0-301F-11D3-BF4B-00C04F79EFBC}") = "SMS.Business.Contracts", "SMS.Business.Contracts\SMS.Business.Contracts.csproj", "{5F16BFF2-7303-428D-97C3-4AFDD12271BE}"
EndProject
Project("{FAE04EC0-301F-11D3-BF4B-00C04F79EFBC}") = "SMS.Business.Entities", "SMS.Business.Entities\SMS.Business.Entities.csproj", "{140DBFD9-989A-4926-980C-0CC131EEA746}"
EndProject
Project("{2150E333-8FDC-42A3-9474-1A3956D46DE8}") = "Data Access", "Data Access", "{6412A4E7-3A39-4579-8894-7AF7A9AD8C48}"
EndProject
Project("{FAE04EC0-301F-11D3-BF4B-00C04F79EFBC}") = "SMS.Data", "SMS.Data\SMS.Data.csproj", "{B41AAC4C-D88A-4339-9A89-CA4F94464365}"
EndProject
Project("{FAE04EC0-301F-11D3-BF4B-00C04F79EFBC}") = "SMS.Data.Contracts", "SMS.Data.Contracts\SMS.Data.Contracts.csproj", "{959D73BB-BF9E-43B9-B1FA-0EB77926D472}"
EndProject
Project("{FAE04EC0-301F-11D3-BF4B-00C04F79EFBC}") = "Core.Common", "Core.Common\Core.Common.csproj", "{8F54F94E-7EEA-4A8F-8642-BE62EAA30AA8}"
EndProject
Project("{2150E333-8FDC-42A3-9474-1A3956D46DE8}") = "Clients", "Clients", "{11A12A3A-D157-46FC-A5E9-F58267F43880}"
EndProject
Project("{FAE04EC0-301F-11D3-BF4B-00C04F79EFBC}") = "SMS.WebPortal", "SMS.WebPortal\SMS.WebPortal.csproj", "{4B08E2D4-DF3A-4544-9E3F-CABFD55A0C04}"
EndProject
Project("{FAE04EC0-301F-11D3-BF4B-00C04F79EFBC}") = "SMS.Business.Bootstrapper", "SMS.Business.Bootstrapper\SMS.Business.Bootstrapper.csproj", "{9907364E-ACB8-42F6-B935-EE90B1748B8A}"
EndProject
Project("{FAE04EC0-301F-11D3-BF4B-00C04F79EFBC}") = "SMS.Business.Services", "SMS.Business.Services\SMS.Business.Services.csproj", "{E45A8264-EB9C-4AC0-94B6-929772409BFD}"
EndProject
Project("{FAE04EC0-301F-11D3-BF4B-00C04F79EFBC}") = "SMS.ServiceHost.Console", "SMS.ServiceHost.Console\SMS.ServiceHost.Console.csproj", "{865F274D-95BC-43FC-B640-1CE5B835C5FD}"
EndProject
Global
	GlobalSection(SolutionConfigurationPlatforms) = preSolution
		Debug|Any CPU = Debug|Any CPU
		Release|Any CPU = Release|Any CPU
	EndGlobalSection
	GlobalSection(ProjectConfigurationPlatforms) = postSolution
		{233B540D-47D7-4ACE-B470-78F80580FD1C}.Debug|Any CPU.ActiveCfg = Debug|Any CPU
		{233B540D-47D7-4ACE-B470-78F80580FD1C}.Debug|Any CPU.Build.0 = Debug|Any CPU
		{233B540D-47D7-4ACE-B470-78F80580FD1C}.Release|Any CPU.ActiveCfg = Release|Any CPU
		{233B540D-47D7-4ACE-B470-78F80580FD1C}.Release|Any CPU.Build.0 = Release|Any CPU
		{5F16BFF2-7303-428D-97C3-4AFDD12271BE}.Debug|Any CPU.ActiveCfg = Debug|Any CPU
		{5F16BFF2-7303-428D-97C3-4AFDD12271BE}.Debug|Any CPU.Build.0 = Debug|Any CPU
		{5F16BFF2-7303-428D-97C3-4AFDD12271BE}.Release|Any CPU.ActiveCfg = Release|Any CPU
		{5F16BFF2-7303-428D-97C3-4AFDD12271BE}.Release|Any CPU.Build.0 = Release|Any CPU
		{140DBFD9-989A-4926-980C-0CC131EEA746}.Debug|Any CPU.ActiveCfg = Debug|Any CPU
		{140DBFD9-989A-4926-980C-0CC131EEA746}.Debug|Any CPU.Build.0 = Debug|Any CPU
		{140DBFD9-989A-4926-980C-0CC131EEA746}.Release|Any CPU.ActiveCfg = Release|Any CPU
		{140DBFD9-989A-4926-980C-0CC131EEA746}.Release|Any CPU.Build.0 = Release|Any CPU
		{B41AAC4C-D88A-4339-9A89-CA4F94464365}.Debug|Any CPU.ActiveCfg = Debug|Any CPU
		{B41AAC4C-D88A-4339-9A89-CA4F94464365}.Debug|Any CPU.Build.0 = Debug|Any CPU
		{B41AAC4C-D88A-4339-9A89-CA4F94464365}.Release|Any CPU.ActiveCfg = Release|Any CPU
		{B41AAC4C-D88A-4339-9A89-CA4F94464365}.Release|Any CPU.Build.0 = Release|Any CPU
		{959D73BB-BF9E-43B9-B1FA-0EB77926D472}.Debug|Any CPU.ActiveCfg = Debug|Any CPU
		{959D73BB-BF9E-43B9-B1FA-0EB77926D472}.Debug|Any CPU.Build.0 = Debug|Any CPU
		{959D73BB-BF9E-43B9-B1FA-0EB77926D472}.Release|Any CPU.ActiveCfg = Release|Any CPU
		{959D73BB-BF9E-43B9-B1FA-0EB77926D472}.Release|Any CPU.Build.0 = Release|Any CPU
		{8F54F94E-7EEA-4A8F-8642-BE62EAA30AA8}.Debug|Any CPU.ActiveCfg = Debug|Any CPU
		{8F54F94E-7EEA-4A8F-8642-BE62EAA30AA8}.Debug|Any CPU.Build.0 = Debug|Any CPU
		{8F54F94E-7EEA-4A8F-8642-BE62EAA30AA8}.Release|Any CPU.ActiveCfg = Release|Any CPU
		{8F54F94E-7EEA-4A8F-8642-BE62EAA30AA8}.Release|Any CPU.Build.0 = Release|Any CPU
		{4B08E2D4-DF3A-4544-9E3F-CABFD55A0C04}.Debug|Any CPU.ActiveCfg = Debug|Any CPU
		{4B08E2D4-DF3A-4544-9E3F-CABFD55A0C04}.Debug|Any CPU.Build.0 = Debug|Any CPU
		{4B08E2D4-DF3A-4544-9E3F-CABFD55A0C04}.Release|Any CPU.ActiveCfg = Release|Any CPU
		{4B08E2D4-DF3A-4544-9E3F-CABFD55A0C04}.Release|Any CPU.Build.0 = Release|Any CPU
		{9907364E-ACB8-42F6-B935-EE90B1748B8A}.Debug|Any CPU.ActiveCfg = Debug|Any CPU
		{9907364E-ACB8-42F6-B935-EE90B1748B8A}.Debug|Any CPU.Build.0 = Debug|Any CPU
		{9907364E-ACB8-42F6-B935-EE90B1748B8A}.Release|Any CPU.ActiveCfg = Release|Any CPU
		{9907364E-ACB8-42F6-B935-EE90B1748B8A}.Release|Any CPU.Build.0 = Release|Any CPU
		{E45A8264-EB9C-4AC0-94B6-929772409BFD}.Debug|Any CPU.ActiveCfg = Debug|Any CPU
		{E45A8264-EB9C-4AC0-94B6-929772409BFD}.Debug|Any CPU.Build.0 = Debug|Any CPU
		{E45A8264-EB9C-4AC0-94B6-929772409BFD}.Release|Any CPU.ActiveCfg = Release|Any CPU
		{E45A8264-EB9C-4AC0-94B6-929772409BFD}.Release|Any CPU.Build.0 = Release|Any CPU
		{865F274D-95BC-43FC-B640-1CE5B835C5FD}.Debug|Any CPU.ActiveCfg = Debug|Any CPU
		{865F274D-95BC-43FC-B640-1CE5B835C5FD}.Debug|Any CPU.Build.0 = Debug|Any CPU
		{865F274D-95BC-43FC-B640-1CE5B835C5FD}.Release|Any CPU.ActiveCfg = Release|Any CPU
		{865F274D-95BC-43FC-B640-1CE5B835C5FD}.Release|Any CPU.Build.0 = Release|Any CPU
	EndGlobalSection
	GlobalSection(SolutionProperties) = preSolution
		HideSolutionNode = FALSE
	EndGlobalSection
	GlobalSection(NestedProjects) = preSolution
		{233B540D-47D7-4ACE-B470-78F80580FD1C} = {0FE77721-C7AB-4E29-93E8-C5B62977283B}
		{5F16BFF2-7303-428D-97C3-4AFDD12271BE} = {FB696941-3C3C-42CA-8D2A-D4BB10D79541}
		{140DBFD9-989A-4926-980C-0CC131EEA746} = {FB696941-3C3C-42CA-8D2A-D4BB10D79541}
		{B41AAC4C-D88A-4339-9A89-CA4F94464365} = {6412A4E7-3A39-4579-8894-7AF7A9AD8C48}
		{959D73BB-BF9E-43B9-B1FA-0EB77926D472} = {6412A4E7-3A39-4579-8894-7AF7A9AD8C48}
		{8F54F94E-7EEA-4A8F-8642-BE62EAA30AA8} = {0FE77721-C7AB-4E29-93E8-C5B62977283B}
		{4B08E2D4-DF3A-4544-9E3F-CABFD55A0C04} = {11A12A3A-D157-46FC-A5E9-F58267F43880}
		{9907364E-ACB8-42F6-B935-EE90B1748B8A} = {FB696941-3C3C-42CA-8D2A-D4BB10D79541}
		{E45A8264-EB9C-4AC0-94B6-929772409BFD} = {FB696941-3C3C-42CA-8D2A-D4BB10D79541}
		{865F274D-95BC-43FC-B640-1CE5B835C5FD} = {11A12A3A-D157-46FC-A5E9-F58267F43880}
	EndGlobalSection
EndGlobal
